
Microsoft Visual Studio Solution File, Format Version 12.00
# Visual Studio Version 16
VisualStudioVersion = 16.0.29326.143
MinimumVisualStudioVersion = 16.0.0.0
Project("{FAE04EC0-301F-11D3-BF4B-00C04F79EFBC}") = "ChessPlatform", "ChessPlatform\ChessPlatform.csproj", "{AA84E743-3651-4436-BD27-CDD81D525D3E}"
EndProject
Project("{FAE04EC0-301F-11D3-BF4B-00C04F79EFBC}") = "ChessPlatform.Tests", "ChessPlatform.Tests\ChessPlatform.Tests.csproj", "{F5BB4FAA-85E2-411E-9B53-DA5FAAB83BC9}"
EndProject
Project("{FAE04EC0-301F-11D3-BF4B-00C04F79EFBC}") = "ChessPlatform.UI.Desktop", "ChessPlatform.UI.Desktop\ChessPlatform.UI.Desktop.csproj", "{3B22D149-6202-4B61-9ABB-C7A4EB5F2432}"
EndProject
Project("{FAE04EC0-301F-11D3-BF4B-00C04F79EFBC}") = "ChessPlatform.Engine", "ChessPlatform.Engine\ChessPlatform.Engine.csproj", "{D46BCEFB-458E-4CFF-A0AA-44BB77AB3834}"
EndProject
Project("{2150E333-8FDC-42A3-9474-1A3956D46DE8}") = "Solution Items", "Solution Items", "{16BCA1B0-CA13-4F76-997D-603A68D1551A}"
	ProjectSection(SolutionItems) = preProject
		..\Settings.StyleCop = ..\Settings.StyleCop
	EndProjectSection
EndProject
Global
	GlobalSection(SolutionConfigurationPlatforms) = preSolution
		Debug|Any CPU = Debug|Any CPU
		Release|Any CPU = Release|Any CPU
	EndGlobalSection
	GlobalSection(ProjectConfigurationPlatforms) = postSolution
		{AA84E743-3651-4436-BD27-CDD81D525D3E}.Debug|Any CPU.ActiveCfg = Debug|Any CPU
		{AA84E743-3651-4436-BD27-CDD81D525D3E}.Debug|Any CPU.Build.0 = Debug|Any CPU
		{AA84E743-3651-4436-BD27-CDD81D525D3E}.Release|Any CPU.ActiveCfg = Release|Any CPU
		{AA84E743-3651-4436-BD27-CDD81D525D3E}.Release|Any CPU.Build.0 = Release|Any CPU
		{F5BB4FAA-85E2-411E-9B53-DA5FAAB83BC9}.Debug|Any CPU.ActiveCfg = Debug|Any CPU
		{F5BB4FAA-85E2-411E-9B53-DA5FAAB83BC9}.Debug|Any CPU.Build.0 = Debug|Any CPU
		{F5BB4FAA-85E2-411E-9B53-DA5FAAB83BC9}.Release|Any CPU.ActiveCfg = Release|Any CPU
		{F5BB4FAA-85E2-411E-9B53-DA5FAAB83BC9}.Release|Any CPU.Build.0 = Release|Any CPU
		{3B22D149-6202-4B61-9ABB-C7A4EB5F2432}.Debug|Any CPU.ActiveCfg = Debug|Any CPU
		{3B22D149-6202-4B61-9ABB-C7A4EB5F2432}.Debug|Any CPU.Build.0 = Debug|Any CPU
		{3B22D149-6202-4B61-9ABB-C7A4EB5F2432}.Release|Any CPU.ActiveCfg = Release|Any CPU
		{3B22D149-6202-4B61-9ABB-C7A4EB5F2432}.Release|Any CPU.Build.0 = Release|Any CPU
		{D46BCEFB-458E-4CFF-A0AA-44BB77AB3834}.Debug|Any CPU.ActiveCfg = Debug|Any CPU
		{D46BCEFB-458E-4CFF-A0AA-44BB77AB3834}.Debug|Any CPU.Build.0 = Debug|Any CPU
		{D46BCEFB-458E-4CFF-A0AA-44BB77AB3834}.Release|Any CPU.ActiveCfg = Release|Any CPU
		{D46BCEFB-458E-4CFF-A0AA-44BB77AB3834}.Release|Any CPU.Build.0 = Release|Any CPU
	EndGlobalSection
	GlobalSection(SolutionProperties) = preSolution
		HideSolutionNode = FALSE
	EndGlobalSection
	GlobalSection(ExtensibilityGlobals) = postSolution
		SolutionGuid = {584F4117-B542-4B53-A45E-CE1450D930B9}
	EndGlobalSection
EndGlobal
