
Microsoft Visual Studio Solution File, Format Version 11.00
# Visual Studio 2010
Project("{FAE04EC0-301F-11D3-BF4B-00C04F79EFBC}") = "ChessPlatform", "ChessPlatform\ChessPlatform.csproj", "{AA84E743-3651-4436-BD27-CDD81D525D3E}"
EndProject
Project("{FAE04EC0-301F-11D3-BF4B-00C04F79EFBC}") = "ChessPlatform.Tests", "ChessPlatform.Tests\ChessPlatform.Tests.csproj", "{F5BB4FAA-85E2-411E-9B53-DA5FAAB83BC9}"
EndProject
Project("{FAE04EC0-301F-11D3-BF4B-00C04F79EFBC}") = "ChessPlatform.UI.Desktop", "ChessPlatform.UI.Desktop\ChessPlatform.UI.Desktop.csproj", "{3B22D149-6202-4B61-9ABB-C7A4EB5F2432}"
EndProject
Project("{FAE04EC0-301F-11D3-BF4B-00C04F79EFBC}") = "ChessPlatform.ComputerPlayers", "ChessPlatform.ComputerPlayers\ChessPlatform.ComputerPlayers.csproj", "{D46BCEFB-458E-4CFF-A0AA-44BB77AB3834}"
EndProject
Project("{2150E333-8FDC-42A3-9474-1A3956D46DE8}") = ".build", ".build", "{52E075F0-EF73-4609-AF6E-82BA1B5144D1}"
	ProjectSection(SolutionItems) = preProject
		.build\MSBuild.Community.Tasks.dll = .build\MSBuild.Community.Tasks.dll
		.build\MSBuild.Community.Tasks.targets = .build\MSBuild.Community.Tasks.targets
	EndProjectSection
EndProject
Global
	GlobalSection(SolutionConfigurationPlatforms) = preSolution
		Debug|Any CPU = Debug|Any CPU
		Release|Any CPU = Release|Any CPU
	EndGlobalSection
	GlobalSection(ProjectConfigurationPlatforms) = postSolution
		{AA84E743-3651-4436-BD27-CDD81D525D3E}.Debug|Any CPU.ActiveCfg = Debug|Any CPU
		{AA84E743-3651-4436-BD27-CDD81D525D3E}.Debug|Any CPU.Build.0 = Debug|Any CPU
		{AA84E743-3651-4436-BD27-CDD81D525D3E}.Release|Any CPU.ActiveCfg = Release|Any CPU
		{AA84E743-3651-4436-BD27-CDD81D525D3E}.Release|Any CPU.Build.0 = Release|Any CPU
		{F5BB4FAA-85E2-411E-9B53-DA5FAAB83BC9}.Debug|Any CPU.ActiveCfg = Debug|Any CPU
		{F5BB4FAA-85E2-411E-9B53-DA5FAAB83BC9}.Debug|Any CPU.Build.0 = Debug|Any CPU
		{F5BB4FAA-85E2-411E-9B53-DA5FAAB83BC9}.Release|Any CPU.ActiveCfg = Release|Any CPU
		{F5BB4FAA-85E2-411E-9B53-DA5FAAB83BC9}.Release|Any CPU.Build.0 = Release|Any CPU
		{3B22D149-6202-4B61-9ABB-C7A4EB5F2432}.Debug|Any CPU.ActiveCfg = Debug|Any CPU
		{3B22D149-6202-4B61-9ABB-C7A4EB5F2432}.Debug|Any CPU.Build.0 = Debug|Any CPU
		{3B22D149-6202-4B61-9ABB-C7A4EB5F2432}.Release|Any CPU.ActiveCfg = Release|Any CPU
		{3B22D149-6202-4B61-9ABB-C7A4EB5F2432}.Release|Any CPU.Build.0 = Release|Any CPU
		{D46BCEFB-458E-4CFF-A0AA-44BB77AB3834}.Debug|Any CPU.ActiveCfg = Debug|Any CPU
		{D46BCEFB-458E-4CFF-A0AA-44BB77AB3834}.Debug|Any CPU.Build.0 = Debug|Any CPU
		{D46BCEFB-458E-4CFF-A0AA-44BB77AB3834}.Release|Any CPU.ActiveCfg = Release|Any CPU
		{D46BCEFB-458E-4CFF-A0AA-44BB77AB3834}.Release|Any CPU.Build.0 = Release|Any CPU
	EndGlobalSection
	GlobalSection(SolutionProperties) = preSolution
		HideSolutionNode = FALSE
	EndGlobalSection
EndGlobal
